
Microsoft Visual Studio Solution File, Format Version 12.00
# Visual Studio 15
VisualStudioVersion = 15.0.28307.1321
MinimumVisualStudioVersion = 10.0.40219.1
Project("{8BC9CEB8-8B4A-11D0-8D11-00A0C91BC942}") = "problem5(the new year)", "problem5(the new year)\problem5(the new year).vcxproj", "{59A839C2-7F2E-407B-8B19-256989FB9D53}"
EndProject
Global
	GlobalSection(SolutionConfigurationPlatforms) = preSolution
		Debug|x64 = Debug|x64
		Debug|x86 = Debug|x86
		Release|x64 = Release|x64
		Release|x86 = Release|x86
	EndGlobalSection
	GlobalSection(ProjectConfigurationPlatforms) = postSolution
		{59A839C2-7F2E-407B-8B19-256989FB9D53}.Debug|x64.ActiveCfg = Debug|x64
		{59A839C2-7F2E-407B-8B19-256989FB9D53}.Debug|x64.Build.0 = Debug|x64
		{59A839C2-7F2E-407B-8B19-256989FB9D53}.Debug|x86.ActiveCfg = Debug|Win32
		{59A839C2-7F2E-407B-8B19-256989FB9D53}.Debug|x86.Build.0 = Debug|Win32
		{59A839C2-7F2E-407B-8B19-256989FB9D53}.Release|x64.ActiveCfg = Release|x64
		{59A839C2-7F2E-407B-8B19-256989FB9D53}.Release|x64.Build.0 = Release|x64
		{59A839C2-7F2E-407B-8B19-256989FB9D53}.Release|x86.ActiveCfg = Release|Win32
		{59A839C2-7F2E-407B-8B19-256989FB9D53}.Release|x86.Build.0 = Release|Win32
	EndGlobalSection
	GlobalSection(SolutionProperties) = preSolution
		HideSolutionNode = FALSE
	EndGlobalSection
	GlobalSection(ExtensibilityGlobals) = postSolution
		SolutionGuid = {DDCF186F-9B9B-4A52-8BD2-76A745EB6759}
	EndGlobalSection
EndGlobal
