
Microsoft Visual Studio Solution File, Format Version 12.00
# Visual Studio 15
VisualStudioVersion = 15.0.28307.1321
MinimumVisualStudioVersion = 10.0.40219.1
Project("{8BC9CEB8-8B4A-11D0-8D11-00A0C91BC942}") = "registration system", "registration system\registration system.vcxproj", "{48481E5C-7B13-4E49-AC1C-75FFE2B3AA97}"
EndProject
Global
	GlobalSection(SolutionConfigurationPlatforms) = preSolution
		Debug|x64 = Debug|x64
		Debug|x86 = Debug|x86
		Release|x64 = Release|x64
		Release|x86 = Release|x86
	EndGlobalSection
	GlobalSection(ProjectConfigurationPlatforms) = postSolution
		{48481E5C-7B13-4E49-AC1C-75FFE2B3AA97}.Debug|x64.ActiveCfg = Debug|x64
		{48481E5C-7B13-4E49-AC1C-75FFE2B3AA97}.Debug|x64.Build.0 = Debug|x64
		{48481E5C-7B13-4E49-AC1C-75FFE2B3AA97}.Debug|x86.ActiveCfg = Debug|Win32
		{48481E5C-7B13-4E49-AC1C-75FFE2B3AA97}.Debug|x86.Build.0 = Debug|Win32
		{48481E5C-7B13-4E49-AC1C-75FFE2B3AA97}.Release|x64.ActiveCfg = Release|x64
		{48481E5C-7B13-4E49-AC1C-75FFE2B3AA97}.Release|x64.Build.0 = Release|x64
		{48481E5C-7B13-4E49-AC1C-75FFE2B3AA97}.Release|x86.ActiveCfg = Release|Win32
		{48481E5C-7B13-4E49-AC1C-75FFE2B3AA97}.Release|x86.Build.0 = Release|Win32
	EndGlobalSection
	GlobalSection(SolutionProperties) = preSolution
		HideSolutionNode = FALSE
	EndGlobalSection
	GlobalSection(ExtensibilityGlobals) = postSolution
		SolutionGuid = {F98754FF-8989-49BB-BF6A-B82595E9E44A}
	EndGlobalSection
EndGlobal
